// !$*UTF8*$!
{
	archiveVersion = 1;
	classes = {
	};
	objectVersion = 46;
	objects = {

/* Begin PBXBuildFile section */
		70CB684B19F2910000966404 /* AppDelegate.swift in Sources */ = {isa = PBXBuildFile; fileRef = 70CB684A19F2910000966404 /* AppDelegate.swift */; };
		70CB685019F2910000966404 /* Main.storyboard in Resources */ = {isa = PBXBuildFile; fileRef = 70CB684E19F2910000966404 /* Main.storyboard */; };
		70CB685219F2910000966404 /* Images.xcassets in Resources */ = {isa = PBXBuildFile; fileRef = 70CB685119F2910000966404 /* Images.xcassets */; };
		70CB685519F2910000966404 /* LaunchScreen.xib in Resources */ = {isa = PBXBuildFile; fileRef = 70CB685319F2910000966404 /* LaunchScreen.xib */; };
		70CB686119F2910000966404 /* rottem_tomatosTests.swift in Sources */ = {isa = PBXBuildFile; fileRef = 70CB686019F2910000966404 /* rottem_tomatosTests.swift */; };
		7F62A35B19F2F242005FAA76 /* moviesViewController.swift in Sources */ = {isa = PBXBuildFile; fileRef = 7F62A35A19F2F242005FAA76 /* moviesViewController.swift */; };
		7F62A36319F30E63005FAA76 /* movieCell.swift in Sources */ = {isa = PBXBuildFile; fileRef = 7F62A36219F30E63005FAA76 /* movieCell.swift */; };
/* End PBXBuildFile section */

/* Begin PBXContainerItemProxy section */
		70CB685B19F2910000966404 /* PBXContainerItemProxy */ = {
			isa = PBXContainerItemProxy;
			containerPortal = 70CB683D19F2910000966404 /* Project object */;
			proxyType = 1;
			remoteGlobalIDString = 70CB684419F2910000966404;
			remoteInfo = "rottem-tomatos";
		};
/* End PBXContainerItemProxy section */

/* Begin PBXFileReference section */
		70CB684519F2910000966404 /* rottem-tomatos.app */ = {isa = PBXFileReference; explicitFileType = wrapper.application; includeInIndex = 0; path = "rottem-tomatos.app"; sourceTree = BUILT_PRODUCTS_DIR; };
		70CB684919F2910000966404 /* Info.plist */ = {isa = PBXFileReference; lastKnownFileType = text.plist.xml; path = Info.plist; sourceTree = "<group>"; };
		70CB684A19F2910000966404 /* AppDelegate.swift */ = {isa = PBXFileReference; lastKnownFileType = sourcecode.swift; path = AppDelegate.swift; sourceTree = "<group>"; };
		70CB684F19F2910000966404 /* Base */ = {isa = PBXFileReference; lastKnownFileType = file.storyboard; name = Base; path = Base.lproj/Main.storyboard; sourceTree = "<group>"; };
		70CB685119F2910000966404 /* Images.xcassets */ = {isa = PBXFileReference; lastKnownFileType = folder.assetcatalog; path = Images.xcassets; sourceTree = "<group>"; };
		70CB685419F2910000966404 /* Base */ = {isa = PBXFileReference; lastKnownFileType = file.xib; name = Base; path = Base.lproj/LaunchScreen.xib; sourceTree = "<group>"; };
		70CB685A19F2910000966404 /* rottem-tomatosTests.xctest */ = {isa = PBXFileReference; explicitFileType = wrapper.cfbundle; includeInIndex = 0; path = "rottem-tomatosTests.xctest"; sourceTree = BUILT_PRODUCTS_DIR; };
		70CB685F19F2910000966404 /* Info.plist */ = {isa = PBXFileReference; lastKnownFileType = text.plist.xml; path = Info.plist; sourceTree = "<group>"; };
		70CB686019F2910000966404 /* rottem_tomatosTests.swift */ = {isa = PBXFileReference; lastKnownFileType = sourcecode.swift; path = rottem_tomatosTests.swift; sourceTree = "<group>"; };
		7F62A35A19F2F242005FAA76 /* moviesViewController.swift */ = {isa = PBXFileReference; fileEncoding = 4; lastKnownFileType = sourcecode.swift; path = moviesViewController.swift; sourceTree = "<group>"; };
		7F62A36219F30E63005FAA76 /* movieCell.swift */ = {isa = PBXFileReference; fileEncoding = 4; lastKnownFileType = sourcecode.swift; path = movieCell.swift; sourceTree = "<group>"; };
/* End PBXFileReference section */

/* Begin PBXFrameworksBuildPhase section */
		70CB684219F2910000966404 /* Frameworks */ = {
			isa = PBXFrameworksBuildPhase;
			buildActionMask = 2147483647;
			files = (
			);
			runOnlyForDeploymentPostprocessing = 0;
		};
		70CB685719F2910000966404 /* Frameworks */ = {
			isa = PBXFrameworksBuildPhase;
			buildActionMask = 2147483647;
			files = (
			);
			runOnlyForDeploymentPostprocessing = 0;
		};
/* End PBXFrameworksBuildPhase section */

/* Begin PBXGroup section */
		70CB683C19F2910000966404 = {
			isa = PBXGroup;
			children = (
				70CB684719F2910000966404 /* rottem-tomatos */,
				70CB685D19F2910000966404 /* rottem-tomatosTests */,
				70CB684619F2910000966404 /* Products */,
			);
			sourceTree = "<group>";
		};
		70CB684619F2910000966404 /* Products */ = {
			isa = PBXGroup;
			children = (
				70CB684519F2910000966404 /* rottem-tomatos.app */,
				70CB685A19F2910000966404 /* rottem-tomatosTests.xctest */,
			);
			name = Products;
			sourceTree = "<group>";
		};
		70CB684719F2910000966404 /* rottem-tomatos */ = {
			isa = PBXGroup;
			children = (
				70CB684A19F2910000966404 /* AppDelegate.swift */,
				7F62A36219F30E63005FAA76 /* movieCell.swift */,
				7F62A35A19F2F242005FAA76 /* moviesViewController.swift */,
				70CB684E19F2910000966404 /* Main.storyboard */,
				70CB685119F2910000966404 /* Images.xcassets */,
				70CB685319F2910000966404 /* LaunchScreen.xib */,
				70CB684819F2910000966404 /* Supporting Files */,
			);
			path = "rottem-tomatos";
			sourceTree = "<group>";
		};
		70CB684819F2910000966404 /* Supporting Files */ = {
			isa = PBXGroup;
			children = (
				70CB684919F2910000966404 /* Info.plist */,
			);
			name = "Supporting Files";
			sourceTree = "<group>";
		};
		70CB685D19F2910000966404 /* rottem-tomatosTests */ = {
			isa = PBXGroup;
			children = (
				70CB686019F2910000966404 /* rottem_tomatosTests.swift */,
				70CB685E19F2910000966404 /* Supporting Files */,
			);
			path = "rottem-tomatosTests";
			sourceTree = "<group>";
		};
		70CB685E19F2910000966404 /* Supporting Files */ = {
			isa = PBXGroup;
			children = (
				70CB685F19F2910000966404 /* Info.plist */,
			);
			name = "Supporting Files";
			sourceTree = "<group>";
		};
/* End PBXGroup section */

/* Begin PBXNativeTarget section */
		70CB684419F2910000966404 /* rottem-tomatos */ = {
			isa = PBXNativeTarget;
			buildConfigurationList = 70CB686419F2910000966404 /* Build configuration list for PBXNativeTarget "rottem-tomatos" */;
			buildPhases = (
				70CB684119F2910000966404 /* Sources */,
				70CB684219F2910000966404 /* Frameworks */,
				70CB684319F2910000966404 /* Resources */,
			);
			buildRules = (
			);
			dependencies = (
			);
			name = "rottem-tomatos";
			productName = "rottem-tomatos";
			productReference = 70CB684519F2910000966404 /* rottem-tomatos.app */;
			productType = "com.apple.product-type.application";
		};
		70CB685919F2910000966404 /* rottem-tomatosTests */ = {
			isa = PBXNativeTarget;
			buildConfigurationList = 70CB686719F2910000966404 /* Build configuration list for PBXNativeTarget "rottem-tomatosTests" */;
			buildPhases = (
				70CB685619F2910000966404 /* Sources */,
				70CB685719F2910000966404 /* Frameworks */,
				70CB685819F2910000966404 /* Resources */,
			);
			buildRules = (
			);
			dependencies = (
				70CB685C19F2910000966404 /* PBXTargetDependency */,
			);
			name = "rottem-tomatosTests";
			productName = "rottem-tomatosTests";
			productReference = 70CB685A19F2910000966404 /* rottem-tomatosTests.xctest */;
			productType = "com.apple.product-type.bundle.unit-test";
		};
/* End PBXNativeTarget section */

/* Begin PBXProject section */
		70CB683D19F2910000966404 /* Project object */ = {
			isa = PBXProject;
			attributes = {
				LastUpgradeCheck = 0600;
				ORGANIZATIONNAME = "Sam Argote";
				TargetAttributes = {
					70CB684419F2910000966404 = {
						CreatedOnToolsVersion = 6.0.1;
					};
					70CB685919F2910000966404 = {
						CreatedOnToolsVersion = 6.0.1;
						TestTargetID = 70CB684419F2910000966404;
					};
				};
			};
			buildConfigurationList = 70CB684019F2910000966404 /* Build configuration list for PBXProject "rottem-tomatos" */;
			compatibilityVersion = "Xcode 3.2";
			developmentRegion = English;
			hasScannedForEncodings = 0;
			knownRegions = (
				en,
				Base,
			);
			mainGroup = 70CB683C19F2910000966404;
			productRefGroup = 70CB684619F2910000966404 /* Products */;
			projectDirPath = "";
			projectRoot = "";
			targets = (
				70CB684419F2910000966404 /* rottem-tomatos */,
				70CB685919F2910000966404 /* rottem-tomatosTests */,
			);
		};
/* End PBXProject section */

/* Begin PBXResourcesBuildPhase section */
		70CB684319F2910000966404 /* Resources */ = {
			isa = PBXResourcesBuildPhase;
			buildActionMask = 2147483647;
			files = (
				70CB685019F2910000966404 /* Main.storyboard in Resources */,
				70CB685519F2910000966404 /* LaunchScreen.xib in Resources */,
				70CB685219F2910000966404 /* Images.xcassets in Resources */,
			);
			runOnlyForDeploymentPostprocessing = 0;
		};
		70CB685819F2910000966404 /* Resources */ = {
			isa = PBXResourcesBuildPhase;
			buildActionMask = 2147483647;
			files = (
			);
			runOnlyForDeploymentPostprocessing = 0;
		};
/* End PBXResourcesBuildPhase section */

/* Begin PBXSourcesBuildPhase section */
		70CB684119F2910000966404 /* Sources */ = {
			isa = PBXSourcesBuildPhase;
			buildActionMask = 2147483647;
			files = (
				7F62A36319F30E63005FAA76 /* movieCell.swift in Sources */,
				7F62A35B19F2F242005FAA76 /* moviesViewController.swift in Sources */,
				70CB684B19F2910000966404 /* AppDelegate.swift in Sources */,
			);
			runOnlyForDeploymentPostprocessing = 0;
		};
		70CB685619F2910000966404 /* Sources */ = {
			isa = PBXSourcesBuildPhase;
			buildActionMask = 2147483647;
			files = (
				70CB686119F2910000966404 /* rottem_tomatosTests.swift in Sources */,
			);
			runOnlyForDeploymentPostprocessing = 0;
		};
/* End PBXSourcesBuildPhase section */

/* Begin PBXTargetDependency section */
		70CB685C19F2910000966404 /* PBXTargetDependency */ = {
			isa = PBXTargetDependency;
			target = 70CB684419F2910000966404 /* rottem-tomatos */;
			targetProxy = 70CB685B19F2910000966404 /* PBXContainerItemProxy */;
		};
/* End PBXTargetDependency section */

/* Begin PBXVariantGroup section */
		70CB684E19F2910000966404 /* Main.storyboard */ = {
			isa = PBXVariantGroup;
			children = (
				70CB684F19F2910000966404 /* Base */,
			);
			name = Main.storyboard;
			sourceTree = "<group>";
		};
		70CB685319F2910000966404 /* LaunchScreen.xib */ = {
			isa = PBXVariantGroup;
			children = (
				70CB685419F2910000966404 /* Base */,
			);
			name = LaunchScreen.xib;
			sourceTree = "<group>";
		};
/* End PBXVariantGroup section */

/* Begin XCBuildConfiguration section */
		70CB686219F2910000966404 /* Debug */ = {
			isa = XCBuildConfiguration;
			buildSettings = {
				ALWAYS_SEARCH_USER_PATHS = NO;
				CLANG_CXX_LANGUAGE_STANDARD = "gnu++0x";
				CLANG_CXX_LIBRARY = "libc++";
				CLANG_ENABLE_MODULES = YES;
				CLANG_ENABLE_OBJC_ARC = YES;
				CLANG_WARN_BOOL_CONVERSION = YES;
				CLANG_WARN_CONSTANT_CONVERSION = YES;
				CLANG_WARN_DIRECT_OBJC_ISA_USAGE = YES_ERROR;
				CLANG_WARN_EMPTY_BODY = YES;
				CLANG_WARN_ENUM_CONVERSION = YES;
				CLANG_WARN_INT_CONVERSION = YES;
				CLANG_WARN_OBJC_ROOT_CLASS = YES_ERROR;
				CLANG_WARN_UNREACHABLE_CODE = YES;
				CLANG_WARN__DUPLICATE_METHOD_MATCH = YES;
				"CODE_SIGN_IDENTITY[sdk=iphoneos*]" = "iPhone Developer";
				COPY_PHASE_STRIP = NO;
				ENABLE_STRICT_OBJC_MSGSEND = YES;
				GCC_C_LANGUAGE_STANDARD = gnu99;
				GCC_DYNAMIC_NO_PIC = NO;
				GCC_OPTIMIZATION_LEVEL = 0;
				GCC_PREPROCESSOR_DEFINITIONS = (
					"DEBUG=1",
					"$(inherited)",
				);
				GCC_SYMBOLS_PRIVATE_EXTERN = NO;
				GCC_WARN_64_TO_32_BIT_CONVERSION = YES;
				GCC_WARN_ABOUT_RETURN_TYPE = YES_ERROR;
				GCC_WARN_UNDECLARED_SELECTOR = YES;
				GCC_WARN_UNINITIALIZED_AUTOS = YES_AGGRESSIVE;
				GCC_WARN_UNUSED_FUNCTION = YES;
				GCC_WARN_UNUSED_VARIABLE = YES;
				IPHONEOS_DEPLOYMENT_TARGET = 8.0;
				MTL_ENABLE_DEBUG_INFO = YES;
				ONLY_ACTIVE_ARCH = YES;
				SDKROOT = iphoneos;
				SWIFT_OPTIMIZATION_LEVEL = "-Onone";
			};
			name = Debug;
		};
		70CB686319F2910000966404 /* Release */ = {
			isa = XCBuildConfiguration;
			buildSettings = {
				ALWAYS_SEARCH_USER_PATHS = NO;
				CLANG_CXX_LANGUAGE_STANDARD = "gnu++0x";
				CLANG_CXX_LIBRARY = "libc++";
				CLANG_ENABLE_MODULES = YES;
				CLANG_ENABLE_OBJC_ARC = YES;
				CLANG_WARN_BOOL_CONVERSION = YES;
				CLANG_WARN_CONSTANT_CONVERSION = YES;
				CLANG_WARN_DIRECT_OBJC_ISA_USAGE = YES_ERROR;
				CLANG_WARN_EMPTY_BODY = YES;
				CLANG_WARN_ENUM_CONVERSION = YES;
				CLANG_WARN_INT_CONVERSION = YES;
				CLANG_WARN_OBJC_ROOT_CLASS = YES_ERROR;
				CLANG_WARN_UNREACHABLE_CODE = YES;
				CLANG_WARN__DUPLICATE_METHOD_MATCH = YES;
				"CODE_SIGN_IDENTITY[sdk=iphoneos*]" = "iPhone Developer";
				COPY_PHASE_STRIP = YES;
				ENABLE_NS_ASSERTIONS = NO;
				ENABLE_STRICT_OBJC_MSGSEND = YES;
				GCC_C_LANGUAGE_STANDARD = gnu99;
				GCC_WARN_64_TO_32_BIT_CONVERSION = YES;
				GCC_WARN_ABOUT_RETURN_TYPE = YES_ERROR;
				GCC_WARN_UNDECLARED_SELECTOR = YES;
				GCC_WARN_UNINITIALIZED_AUTOS = YES_AGGRESSIVE;
				GCC_WARN_UNUSED_FUNCTION = YES;
				GCC_WARN_UNUSED_VARIABLE = YES;
				IPHONEOS_DEPLOYMENT_TARGET = 8.0;
				MTL_ENABLE_DEBUG_INFO = NO;
				SDKROOT = iphoneos;
				VALIDATE_PRODUCT = YES;
			};
			name = Release;
		};
		70CB686519F2910000966404 /* Debug */ = {
			isa = XCBuildConfiguration;
			buildSettings = {
				ASSETCATALOG_COMPILER_APPICON_NAME = AppIcon;
				INFOPLIST_FILE = "rottem-tomatos/Info.plist";
				LD_RUNPATH_SEARCH_PATHS = "$(inherited) @executable_path/Frameworks";
				PRODUCT_NAME = "$(TARGET_NAME)";
			};
			name = Debug;
		};
		70CB686619F2910000966404 /* Release */ = {
			isa = XCBuildConfiguration;
			buildSettings = {
				ASSETCATALOG_COMPILER_APPICON_NAME = AppIcon;
				INFOPLIST_FILE = "rottem-tomatos/Info.plist";
				LD_RUNPATH_SEARCH_PATHS = "$(inherited) @executable_path/Frameworks";
				PRODUCT_NAME = "$(TARGET_NAME)";
			};
			name = Release;
		};
		70CB686819F2910000966404 /* Debug */ = {
			isa = XCBuildConfiguration;
			buildSettings = {
				BUNDLE_LOADER = "$(TEST_HOST)";
				FRAMEWORK_SEARCH_PATHS = (
					"$(SDKROOT)/Developer/Library/Frameworks",
					"$(inherited)",
				);
				GCC_PREPROCESSOR_DEFINITIONS = (
					"DEBUG=1",
					"$(inherited)",
				);
				INFOPLIST_FILE = "rottem-tomatosTests/Info.plist";
				LD_RUNPATH_SEARCH_PATHS = "$(inherited) @executable_path/Frameworks @loader_path/Frameworks";
				PRODUCT_NAME = "$(TARGET_NAME)";
				TEST_HOST = "$(BUILT_PRODUCTS_DIR)/rottem-tomatos.app/rottem-tomatos";
			};
			name = Debug;
		};
		70CB686919F2910000966404 /* Release */ = {
			isa = XCBuildConfiguration;
			buildSettings = {
				BUNDLE_LOADER = "$(TEST_HOST)";
				FRAMEWORK_SEARCH_PATHS = (
					"$(SDKROOT)/Developer/Library/Frameworks",
					"$(inherited)",
				);
				INFOPLIST_FILE = "rottem-tomatosTests/Info.plist";
				LD_RUNPATH_SEARCH_PATHS = "$(inherited) @executable_path/Frameworks @loader_path/Frameworks";
				PRODUCT_NAME = "$(TARGET_NAME)";
				TEST_HOST = "$(BUILT_PRODUCTS_DIR)/rottem-tomatos.app/rottem-tomatos";
			};
			name = Release;
		};
/* End XCBuildConfiguration section */

/* Begin XCConfigurationList section */
		70CB684019F2910000966404 /* Build configuration list for PBXProject "rottem-tomatos" */ = {
			isa = XCConfigurationList;
			buildConfigurations = (
				70CB686219F2910000966404 /* Debug */,
				70CB686319F2910000966404 /* Release */,
			);
			defaultConfigurationIsVisible = 0;
			defaultConfigurationName = Release;
		};
		70CB686419F2910000966404 /* Build configuration list for PBXNativeTarget "rottem-tomatos" */ = {
			isa = XCConfigurationList;
			buildConfigurations = (
				70CB686519F2910000966404 /* Debug */,
				70CB686619F2910000966404 /* Release */,
			);
			defaultConfigurationIsVisible = 0;
			defaultConfigurationName = Release;
		};
		70CB686719F2910000966404 /* Build configuration list for PBXNativeTarget "rottem-tomatosTests" */ = {
			isa = XCConfigurationList;
			buildConfigurations = (
				70CB686819F2910000966404 /* Debug */,
				70CB686919F2910000966404 /* Release */,
			);
			defaultConfigurationIsVisible = 0;
			defaultConfigurationName = Release;
		};
/* End XCConfigurationList section */
	};
	rootObject = 70CB683D19F2910000966404 /* Project object */;
}
